
Microsoft Visual Studio Solution File, Format Version 12.00
# Visual Studio 15
VisualStudioVersion = 15.0.28307.1500
MinimumVisualStudioVersion = 10.0.40219.1
Project("{FAE04EC0-301F-11D3-BF4B-00C04F79EFBC}") = "Demo", "Demo.csproj", "{AD94E4E2-4A69-442B-A114-863A808294A3}"
EndProject
Global
	GlobalSection(SolutionConfigurationPlatforms) = preSolution
		Debug|Any CPU = Debug|Any CPU
		Release|Any CPU = Release|Any CPU
	EndGlobalSection
	GlobalSection(ProjectConfigurationPlatforms) = postSolution
		{AD94E4E2-4A69-442B-A114-863A808294A3}.Debug|Any CPU.ActiveCfg = Debug|Any CPU
		{AD94E4E2-4A69-442B-A114-863A808294A3}.Debug|Any CPU.Build.0 = Debug|Any CPU
		{AD94E4E2-4A69-442B-A114-863A808294A3}.Release|Any CPU.ActiveCfg = Release|Any CPU
		{AD94E4E2-4A69-442B-A114-863A808294A3}.Release|Any CPU.Build.0 = Release|Any CPU
	EndGlobalSection
	GlobalSection(SolutionProperties) = preSolution
		HideSolutionNode = FALSE
	EndGlobalSection
	GlobalSection(ExtensibilityGlobals) = postSolution
		SolutionGuid = {D54738C3-890D-450F-907E-1C962184C13A}
	EndGlobalSection
EndGlobal
